// !$*UTF8*$!
{
	archiveVersion = 1;
	classes = {
	};
	objectVersion = 55;
	objects = {

/* Begin PBXBuildFile section */
		B5207D2529F726650077201A /* AppDelegate.swift in Sources */ = {isa = PBXBuildFile; fileRef = B5207D2429F726650077201A /* AppDelegate.swift */; };
		B5207D2729F726650077201A /* SceneDelegate.swift in Sources */ = {isa = PBXBuildFile; fileRef = B5207D2629F726650077201A /* SceneDelegate.swift */; };
		B5207D2929F726650077201A /* ViewController.swift in Sources */ = {isa = PBXBuildFile; fileRef = B5207D2829F726650077201A /* ViewController.swift */; };
		B5207D2C29F726650077201A /* Main.storyboard in Resources */ = {isa = PBXBuildFile; fileRef = B5207D2A29F726650077201A /* Main.storyboard */; };
		B5207D2E29F726670077201A /* Assets.xcassets in Resources */ = {isa = PBXBuildFile; fileRef = B5207D2D29F726670077201A /* Assets.xcassets */; };
		B5207D3129F726670077201A /* LaunchScreen.storyboard in Resources */ = {isa = PBXBuildFile; fileRef = B5207D2F29F726670077201A /* LaunchScreen.storyboard */; };
		B58C6DB429F86F6D0090E084 /* france@3x.png in Resources */ = {isa = PBXBuildFile; fileRef = B58C6D9C29F86F6B0090E084 /* france@3x.png */; };
		B58C6DB529F86F6D0090E084 /* nigeria@2x.png in Resources */ = {isa = PBXBuildFile; fileRef = B58C6D9D29F86F6B0090E084 /* nigeria@2x.png */; };
		B58C6DB629F86F6D0090E084 /* ireland@3x.png in Resources */ = {isa = PBXBuildFile; fileRef = B58C6D9E29F86F6B0090E084 /* ireland@3x.png */; };
		B58C6DB729F86F6D0090E084 /* italy@2x.png in Resources */ = {isa = PBXBuildFile; fileRef = B58C6D9F29F86F6B0090E084 /* italy@2x.png */; };
		B58C6DB829F86F6D0090E084 /* nigeria@3x.png in Resources */ = {isa = PBXBuildFile; fileRef = B58C6DA029F86F6C0090E084 /* nigeria@3x.png */; };
		B58C6DB929F86F6D0090E084 /* russia@2x.png in Resources */ = {isa = PBXBuildFile; fileRef = B58C6DA129F86F6C0090E084 /* russia@2x.png */; };
		B58C6DBA29F86F6D0090E084 /* estonia@3x.png in Resources */ = {isa = PBXBuildFile; fileRef = B58C6DA229F86F6C0090E084 /* estonia@3x.png */; };
		B58C6DBB29F86F6D0090E084 /* monaco@2x.png in Resources */ = {isa = PBXBuildFile; fileRef = B58C6DA329F86F6C0090E084 /* monaco@2x.png */; };
		B58C6DBC29F86F6D0090E084 /* italy@3x.png in Resources */ = {isa = PBXBuildFile; fileRef = B58C6DA429F86F6C0090E084 /* italy@3x.png */; };
		B58C6DBD29F86F6D0090E084 /* spain@2x.png in Resources */ = {isa = PBXBuildFile; fileRef = B58C6DA529F86F6C0090E084 /* spain@2x.png */; };
		B58C6DBE29F86F6D0090E084 /* uk@2x.png in Resources */ = {isa = PBXBuildFile; fileRef = B58C6DA629F86F6C0090E084 /* uk@2x.png */; };
		B58C6DBF29F86F6D0090E084 /* poland@2x.png in Resources */ = {isa = PBXBuildFile; fileRef = B58C6DA729F86F6C0090E084 /* poland@2x.png */; };
		B58C6DC029F86F6D0090E084 /* poland@3x.png in Resources */ = {isa = PBXBuildFile; fileRef = B58C6DA829F86F6C0090E084 /* poland@3x.png */; };
		B58C6DC129F86F6D0090E084 /* russia@3x.png in Resources */ = {isa = PBXBuildFile; fileRef = B58C6DA929F86F6C0090E084 /* russia@3x.png */; };
		B58C6DC229F86F6D0090E084 /* ireland@2x.png in Resources */ = {isa = PBXBuildFile; fileRef = B58C6DAA29F86F6C0090E084 /* ireland@2x.png */; };
		B58C6DC329F86F6D0090E084 /* france@2x.png in Resources */ = {isa = PBXBuildFile; fileRef = B58C6DAB29F86F6C0090E084 /* france@2x.png */; };
		B58C6DC429F86F6D0090E084 /* estonia@2x.png in Resources */ = {isa = PBXBuildFile; fileRef = B58C6DAC29F86F6C0090E084 /* estonia@2x.png */; };
		B58C6DC529F86F6D0090E084 /* uk@3x.png in Resources */ = {isa = PBXBuildFile; fileRef = B58C6DAD29F86F6C0090E084 /* uk@3x.png */; };
		B58C6DC629F86F6D0090E084 /* us@2x.png in Resources */ = {isa = PBXBuildFile; fileRef = B58C6DAE29F86F6C0090E084 /* us@2x.png */; };
		B58C6DC729F86F6D0090E084 /* us@3x.png in Resources */ = {isa = PBXBuildFile; fileRef = B58C6DAF29F86F6C0090E084 /* us@3x.png */; };
		B58C6DC829F86F6D0090E084 /* spain@3x.png in Resources */ = {isa = PBXBuildFile; fileRef = B58C6DB029F86F6C0090E084 /* spain@3x.png */; };
		B58C6DC929F86F6D0090E084 /* monaco@3x.png in Resources */ = {isa = PBXBuildFile; fileRef = B58C6DB129F86F6C0090E084 /* monaco@3x.png */; };
		B58C6DCA29F86F6D0090E084 /* germany@2x.png in Resources */ = {isa = PBXBuildFile; fileRef = B58C6DB229F86F6C0090E084 /* germany@2x.png */; };
		B58C6DCB29F86F6D0090E084 /* germany@3x.png in Resources */ = {isa = PBXBuildFile; fileRef = B58C6DB329F86F6C0090E084 /* germany@3x.png */; };
		B5AAE0DC2A0832B700C730E1 /* FlagViewController.swift in Sources */ = {isa = PBXBuildFile; fileRef = B5AAE0DB2A0832B700C730E1 /* FlagViewController.swift */; };
/* End PBXBuildFile section */

/* Begin PBXFileReference section */
		B5207D2129F726650077201A /* DisplayFlags.app */ = {isa = PBXFileReference; explicitFileType = wrapper.application; includeInIndex = 0; path = DisplayFlags.app; sourceTree = BUILT_PRODUCTS_DIR; };
		B5207D2429F726650077201A /* AppDelegate.swift */ = {isa = PBXFileReference; lastKnownFileType = sourcecode.swift; path = AppDelegate.swift; sourceTree = "<group>"; };
		B5207D2629F726650077201A /* SceneDelegate.swift */ = {isa = PBXFileReference; lastKnownFileType = sourcecode.swift; path = SceneDelegate.swift; sourceTree = "<group>"; };
		B5207D2829F726650077201A /* ViewController.swift */ = {isa = PBXFileReference; lastKnownFileType = sourcecode.swift; path = ViewController.swift; sourceTree = "<group>"; };
		B5207D2B29F726650077201A /* Base */ = {isa = PBXFileReference; lastKnownFileType = file.storyboard; name = Base; path = Base.lproj/Main.storyboard; sourceTree = "<group>"; };
		B5207D2D29F726670077201A /* Assets.xcassets */ = {isa = PBXFileReference; lastKnownFileType = folder.assetcatalog; path = Assets.xcassets; sourceTree = "<group>"; };
		B5207D3029F726670077201A /* Base */ = {isa = PBXFileReference; lastKnownFileType = file.storyboard; name = Base; path = Base.lproj/LaunchScreen.storyboard; sourceTree = "<group>"; };
		B5207D3229F726670077201A /* Info.plist */ = {isa = PBXFileReference; lastKnownFileType = text.plist.xml; path = Info.plist; sourceTree = "<group>"; };
		B58C6D9C29F86F6B0090E084 /* france@3x.png */ = {isa = PBXFileReference; lastKnownFileType = image.png; path = "france@3x.png"; sourceTree = "<group>"; };
		B58C6D9D29F86F6B0090E084 /* nigeria@2x.png */ = {isa = PBXFileReference; lastKnownFileType = image.png; path = "nigeria@2x.png"; sourceTree = "<group>"; };
		B58C6D9E29F86F6B0090E084 /* ireland@3x.png */ = {isa = PBXFileReference; lastKnownFileType = image.png; path = "ireland@3x.png"; sourceTree = "<group>"; };
		B58C6D9F29F86F6B0090E084 /* italy@2x.png */ = {isa = PBXFileReference; lastKnownFileType = image.png; path = "italy@2x.png"; sourceTree = "<group>"; };
		B58C6DA029F86F6C0090E084 /* nigeria@3x.png */ = {isa = PBXFileReference; lastKnownFileType = image.png; path = "nigeria@3x.png"; sourceTree = "<group>"; };
		B58C6DA129F86F6C0090E084 /* russia@2x.png */ = {isa = PBXFileReference; lastKnownFileType = image.png; path = "russia@2x.png"; sourceTree = "<group>"; };
		B58C6DA229F86F6C0090E084 /* estonia@3x.png */ = {isa = PBXFileReference; lastKnownFileType = image.png; path = "estonia@3x.png"; sourceTree = "<group>"; };
		B58C6DA329F86F6C0090E084 /* monaco@2x.png */ = {isa = PBXFileReference; lastKnownFileType = image.png; path = "monaco@2x.png"; sourceTree = "<group>"; };
		B58C6DA429F86F6C0090E084 /* italy@3x.png */ = {isa = PBXFileReference; lastKnownFileType = image.png; path = "italy@3x.png"; sourceTree = "<group>"; };
		B58C6DA529F86F6C0090E084 /* spain@2x.png */ = {isa = PBXFileReference; lastKnownFileType = image.png; path = "spain@2x.png"; sourceTree = "<group>"; };
		B58C6DA629F86F6C0090E084 /* uk@2x.png */ = {isa = PBXFileReference; lastKnownFileType = image.png; path = "uk@2x.png"; sourceTree = "<group>"; };
		B58C6DA729F86F6C0090E084 /* poland@2x.png */ = {isa = PBXFileReference; lastKnownFileType = image.png; path = "poland@2x.png"; sourceTree = "<group>"; };
		B58C6DA829F86F6C0090E084 /* poland@3x.png */ = {isa = PBXFileReference; lastKnownFileType = image.png; path = "poland@3x.png"; sourceTree = "<group>"; };
		B58C6DA929F86F6C0090E084 /* russia@3x.png */ = {isa = PBXFileReference; lastKnownFileType = image.png; path = "russia@3x.png"; sourceTree = "<group>"; };
		B58C6DAA29F86F6C0090E084 /* ireland@2x.png */ = {isa = PBXFileReference; lastKnownFileType = image.png; path = "ireland@2x.png"; sourceTree = "<group>"; };
		B58C6DAB29F86F6C0090E084 /* france@2x.png */ = {isa = PBXFileReference; lastKnownFileType = image.png; path = "france@2x.png"; sourceTree = "<group>"; };
		B58C6DAC29F86F6C0090E084 /* estonia@2x.png */ = {isa = PBXFileReference; lastKnownFileType = image.png; path = "estonia@2x.png"; sourceTree = "<group>"; };
		B58C6DAD29F86F6C0090E084 /* uk@3x.png */ = {isa = PBXFileReference; lastKnownFileType = image.png; path = "uk@3x.png"; sourceTree = "<group>"; };
		B58C6DAE29F86F6C0090E084 /* us@2x.png */ = {isa = PBXFileReference; lastKnownFileType = image.png; path = "us@2x.png"; sourceTree = "<group>"; };
		B58C6DAF29F86F6C0090E084 /* us@3x.png */ = {isa = PBXFileReference; lastKnownFileType = image.png; path = "us@3x.png"; sourceTree = "<group>"; };
		B58C6DB029F86F6C0090E084 /* spain@3x.png */ = {isa = PBXFileReference; lastKnownFileType = image.png; path = "spain@3x.png"; sourceTree = "<group>"; };
		B58C6DB129F86F6C0090E084 /* monaco@3x.png */ = {isa = PBXFileReference; lastKnownFileType = image.png; path = "monaco@3x.png"; sourceTree = "<group>"; };
		B58C6DB229F86F6C0090E084 /* germany@2x.png */ = {isa = PBXFileReference; lastKnownFileType = image.png; path = "germany@2x.png"; sourceTree = "<group>"; };
		B58C6DB329F86F6C0090E084 /* germany@3x.png */ = {isa = PBXFileReference; lastKnownFileType = image.png; path = "germany@3x.png"; sourceTree = "<group>"; };
		B5AAE0DB2A0832B700C730E1 /* FlagViewController.swift */ = {isa = PBXFileReference; lastKnownFileType = sourcecode.swift; path = FlagViewController.swift; sourceTree = "<group>"; };
/* End PBXFileReference section */

/* Begin PBXFrameworksBuildPhase section */
		B5207D1E29F726650077201A /* Frameworks */ = {
			isa = PBXFrameworksBuildPhase;
			buildActionMask = 2147483647;
			files = (
			);
			runOnlyForDeploymentPostprocessing = 0;
		};
/* End PBXFrameworksBuildPhase section */

/* Begin PBXGroup section */
		B5207D1829F726650077201A = {
			isa = PBXGroup;
			children = (
				B5207D2329F726650077201A /* DisplayFlags */,
				B5207D2229F726650077201A /* Products */,
			);
			sourceTree = "<group>";
		};
		B5207D2229F726650077201A /* Products */ = {
			isa = PBXGroup;
			children = (
				B5207D2129F726650077201A /* DisplayFlags.app */,
			);
			name = Products;
			sourceTree = "<group>";
		};
		B5207D2329F726650077201A /* DisplayFlags */ = {
			isa = PBXGroup;
			children = (
				B5207D2429F726650077201A /* AppDelegate.swift */,
				B5207D2629F726650077201A /* SceneDelegate.swift */,
				B5207D2829F726650077201A /* ViewController.swift */,
				B5AAE0DB2A0832B700C730E1 /* FlagViewController.swift */,
				B5207D2A29F726650077201A /* Main.storyboard */,
				B5207D2D29F726670077201A /* Assets.xcassets */,
				B5207D2F29F726670077201A /* LaunchScreen.storyboard */,
				B5207D3229F726670077201A /* Info.plist */,
				B58C6D8729F869090090E084 /* Content */,
			);
			path = DisplayFlags;
			sourceTree = "<group>";
		};
		B58C6D8729F869090090E084 /* Content */ = {
			isa = PBXGroup;
			children = (
				B58C6DAC29F86F6C0090E084 /* estonia@2x.png */,
				B58C6DA229F86F6C0090E084 /* estonia@3x.png */,
				B58C6DAB29F86F6C0090E084 /* france@2x.png */,
				B58C6D9C29F86F6B0090E084 /* france@3x.png */,
				B58C6DB229F86F6C0090E084 /* germany@2x.png */,
				B58C6DB329F86F6C0090E084 /* germany@3x.png */,
				B58C6DAA29F86F6C0090E084 /* ireland@2x.png */,
				B58C6D9E29F86F6B0090E084 /* ireland@3x.png */,
				B58C6D9F29F86F6B0090E084 /* italy@2x.png */,
				B58C6DA429F86F6C0090E084 /* italy@3x.png */,
				B58C6DA329F86F6C0090E084 /* monaco@2x.png */,
				B58C6DB129F86F6C0090E084 /* monaco@3x.png */,
				B58C6D9D29F86F6B0090E084 /* nigeria@2x.png */,
				B58C6DA029F86F6C0090E084 /* nigeria@3x.png */,
				B58C6DA729F86F6C0090E084 /* poland@2x.png */,
				B58C6DA829F86F6C0090E084 /* poland@3x.png */,
				B58C6DA129F86F6C0090E084 /* russia@2x.png */,
				B58C6DA929F86F6C0090E084 /* russia@3x.png */,
				B58C6DA529F86F6C0090E084 /* spain@2x.png */,
				B58C6DB029F86F6C0090E084 /* spain@3x.png */,
				B58C6DA629F86F6C0090E084 /* uk@2x.png */,
				B58C6DAD29F86F6C0090E084 /* uk@3x.png */,
				B58C6DAE29F86F6C0090E084 /* us@2x.png */,
				B58C6DAF29F86F6C0090E084 /* us@3x.png */,
			);
			path = Content;
			sourceTree = "<group>";
		};
/* End PBXGroup section */

/* Begin PBXNativeTarget section */
		B5207D2029F726650077201A /* DisplayFlags */ = {
			isa = PBXNativeTarget;
			buildConfigurationList = B5207D3529F726670077201A /* Build configuration list for PBXNativeTarget "DisplayFlags" */;
			buildPhases = (
				B5207D1D29F726650077201A /* Sources */,
				B5207D1E29F726650077201A /* Frameworks */,
				B5207D1F29F726650077201A /* Resources */,
			);
			buildRules = (
			);
			dependencies = (
			);
			name = DisplayFlags;
			productName = DisplayFlags;
			productReference = B5207D2129F726650077201A /* DisplayFlags.app */;
			productType = "com.apple.product-type.application";
		};
/* End PBXNativeTarget section */

/* Begin PBXProject section */
		B5207D1929F726650077201A /* Project object */ = {
			isa = PBXProject;
			attributes = {
				BuildIndependentTargetsInParallel = 1;
				LastSwiftUpdateCheck = 1310;
				LastUpgradeCheck = 1310;
				TargetAttributes = {
					B5207D2029F726650077201A = {
						CreatedOnToolsVersion = 13.1;
					};
				};
			};
			buildConfigurationList = B5207D1C29F726650077201A /* Build configuration list for PBXProject "DisplayFlags" */;
			compatibilityVersion = "Xcode 13.0";
			developmentRegion = en;
			hasScannedForEncodings = 0;
			knownRegions = (
				en,
				Base,
			);
			mainGroup = B5207D1829F726650077201A;
			productRefGroup = B5207D2229F726650077201A /* Products */;
			projectDirPath = "";
			projectRoot = "";
			targets = (
				B5207D2029F726650077201A /* DisplayFlags */,
			);
		};
/* End PBXProject section */

/* Begin PBXResourcesBuildPhase section */
		B5207D1F29F726650077201A /* Resources */ = {
			isa = PBXResourcesBuildPhase;
			buildActionMask = 2147483647;
			files = (
				B58C6DBD29F86F6D0090E084 /* spain@2x.png in Resources */,
				B58C6DBB29F86F6D0090E084 /* monaco@2x.png in Resources */,
				B58C6DCA29F86F6D0090E084 /* germany@2x.png in Resources */,
				B58C6DB529F86F6D0090E084 /* nigeria@2x.png in Resources */,
				B5207D3129F726670077201A /* LaunchScreen.storyboard in Resources */,
				B5207D2E29F726670077201A /* Assets.xcassets in Resources */,
				B58C6DC129F86F6D0090E084 /* russia@3x.png in Resources */,
				B58C6DC329F86F6D0090E084 /* france@2x.png in Resources */,
				B58C6DB829F86F6D0090E084 /* nigeria@3x.png in Resources */,
				B58C6DB429F86F6D0090E084 /* france@3x.png in Resources */,
				B58C6DBA29F86F6D0090E084 /* estonia@3x.png in Resources */,
				B58C6DC429F86F6D0090E084 /* estonia@2x.png in Resources */,
				B58C6DC729F86F6D0090E084 /* us@3x.png in Resources */,
				B5207D2C29F726650077201A /* Main.storyboard in Resources */,
				B58C6DC829F86F6D0090E084 /* spain@3x.png in Resources */,
				B58C6DC029F86F6D0090E084 /* poland@3x.png in Resources */,
				B58C6DB629F86F6D0090E084 /* ireland@3x.png in Resources */,
				B58C6DBE29F86F6D0090E084 /* uk@2x.png in Resources */,
				B58C6DCB29F86F6D0090E084 /* germany@3x.png in Resources */,
				B58C6DBF29F86F6D0090E084 /* poland@2x.png in Resources */,
				B58C6DC629F86F6D0090E084 /* us@2x.png in Resources */,
				B58C6DBC29F86F6D0090E084 /* italy@3x.png in Resources */,
				B58C6DB929F86F6D0090E084 /* russia@2x.png in Resources */,
				B58C6DC529F86F6D0090E084 /* uk@3x.png in Resources */,
				B58C6DC229F86F6D0090E084 /* ireland@2x.png in Resources */,
				B58C6DC929F86F6D0090E084 /* monaco@3x.png in Resources */,
				B58C6DB729F86F6D0090E084 /* italy@2x.png in Resources */,
			);
			runOnlyForDeploymentPostprocessing = 0;
		};
/* End PBXResourcesBuildPhase section */

/* Begin PBXSourcesBuildPhase section */
		B5207D1D29F726650077201A /* Sources */ = {
			isa = PBXSourcesBuildPhase;
			buildActionMask = 2147483647;
			files = (
				B5AAE0DC2A0832B700C730E1 /* FlagViewController.swift in Sources */,
				B5207D2929F726650077201A /* ViewController.swift in Sources */,
				B5207D2529F726650077201A /* AppDelegate.swift in Sources */,
				B5207D2729F726650077201A /* SceneDelegate.swift in Sources */,
			);
			runOnlyForDeploymentPostprocessing = 0;
		};
/* End PBXSourcesBuildPhase section */

/* Begin PBXVariantGroup section */
		B5207D2A29F726650077201A /* Main.storyboard */ = {
			isa = PBXVariantGroup;
			children = (
				B5207D2B29F726650077201A /* Base */,
			);
			name = Main.storyboard;
			sourceTree = "<group>";
		};
		B5207D2F29F726670077201A /* LaunchScreen.storyboard */ = {
			isa = PBXVariantGroup;
			children = (
				B5207D3029F726670077201A /* Base */,
			);
			name = LaunchScreen.storyboard;
			sourceTree = "<group>";
		};
/* End PBXVariantGroup section */

/* Begin XCBuildConfiguration section */
		B5207D3329F726670077201A /* Debug */ = {
			isa = XCBuildConfiguration;
			buildSettings = {
				ALWAYS_SEARCH_USER_PATHS = NO;
				CLANG_ANALYZER_NONNULL = YES;
				CLANG_ANALYZER_NUMBER_OBJECT_CONVERSION = YES_AGGRESSIVE;
				CLANG_CXX_LANGUAGE_STANDARD = "gnu++17";
				CLANG_CXX_LIBRARY = "libc++";
				CLANG_ENABLE_MODULES = YES;
				CLANG_ENABLE_OBJC_ARC = YES;
				CLANG_ENABLE_OBJC_WEAK = YES;
				CLANG_WARN_BLOCK_CAPTURE_AUTORELEASING = YES;
				CLANG_WARN_BOOL_CONVERSION = YES;
				CLANG_WARN_COMMA = YES;
				CLANG_WARN_CONSTANT_CONVERSION = YES;
				CLANG_WARN_DEPRECATED_OBJC_IMPLEMENTATIONS = YES;
				CLANG_WARN_DIRECT_OBJC_ISA_USAGE = YES_ERROR;
				CLANG_WARN_DOCUMENTATION_COMMENTS = YES;
				CLANG_WARN_EMPTY_BODY = YES;
				CLANG_WARN_ENUM_CONVERSION = YES;
				CLANG_WARN_INFINITE_RECURSION = YES;
				CLANG_WARN_INT_CONVERSION = YES;
				CLANG_WARN_NON_LITERAL_NULL_CONVERSION = YES;
				CLANG_WARN_OBJC_IMPLICIT_RETAIN_SELF = YES;
				CLANG_WARN_OBJC_LITERAL_CONVERSION = YES;
				CLANG_WARN_OBJC_ROOT_CLASS = YES_ERROR;
				CLANG_WARN_QUOTED_INCLUDE_IN_FRAMEWORK_HEADER = YES;
				CLANG_WARN_RANGE_LOOP_ANALYSIS = YES;
				CLANG_WARN_STRICT_PROTOTYPES = YES;
				CLANG_WARN_SUSPICIOUS_MOVE = YES;
				CLANG_WARN_UNGUARDED_AVAILABILITY = YES_AGGRESSIVE;
				CLANG_WARN_UNREACHABLE_CODE = YES;
				CLANG_WARN__DUPLICATE_METHOD_MATCH = YES;
				COPY_PHASE_STRIP = NO;
				DEBUG_INFORMATION_FORMAT = dwarf;
				ENABLE_STRICT_OBJC_MSGSEND = YES;
				ENABLE_TESTABILITY = YES;
				GCC_C_LANGUAGE_STANDARD = gnu11;
				GCC_DYNAMIC_NO_PIC = NO;
				GCC_NO_COMMON_BLOCKS = YES;
				GCC_OPTIMIZATION_LEVEL = 0;
				GCC_PREPROCESSOR_DEFINITIONS = (
					"DEBUG=1",
					"$(inherited)",
				);
				GCC_WARN_64_TO_32_BIT_CONVERSION = YES;
				GCC_WARN_ABOUT_RETURN_TYPE = YES_ERROR;
				GCC_WARN_UNDECLARED_SELECTOR = YES;
				GCC_WARN_UNINITIALIZED_AUTOS = YES_AGGRESSIVE;
				GCC_WARN_UNUSED_FUNCTION = YES;
				GCC_WARN_UNUSED_VARIABLE = YES;
				IPHONEOS_DEPLOYMENT_TARGET = 15.0;
				MTL_ENABLE_DEBUG_INFO = INCLUDE_SOURCE;
				MTL_FAST_MATH = YES;
				ONLY_ACTIVE_ARCH = YES;
				SDKROOT = iphoneos;
				SWIFT_ACTIVE_COMPILATION_CONDITIONS = DEBUG;
				SWIFT_OPTIMIZATION_LEVEL = "-Onone";
			};
			name = Debug;
		};
		B5207D3429F726670077201A /* Release */ = {
			isa = XCBuildConfiguration;
			buildSettings = {
				ALWAYS_SEARCH_USER_PATHS = NO;
				CLANG_ANALYZER_NONNULL = YES;
				CLANG_ANALYZER_NUMBER_OBJECT_CONVERSION = YES_AGGRESSIVE;
				CLANG_CXX_LANGUAGE_STANDARD = "gnu++17";
				CLANG_CXX_LIBRARY = "libc++";
				CLANG_ENABLE_MODULES = YES;
				CLANG_ENABLE_OBJC_ARC = YES;
				CLANG_ENABLE_OBJC_WEAK = YES;
				CLANG_WARN_BLOCK_CAPTURE_AUTORELEASING = YES;
				CLANG_WARN_BOOL_CONVERSION = YES;
				CLANG_WARN_COMMA = YES;
				CLANG_WARN_CONSTANT_CONVERSION = YES;
				CLANG_WARN_DEPRECATED_OBJC_IMPLEMENTATIONS = YES;
				CLANG_WARN_DIRECT_OBJC_ISA_USAGE = YES_ERROR;
				CLANG_WARN_DOCUMENTATION_COMMENTS = YES;
				CLANG_WARN_EMPTY_BODY = YES;
				CLANG_WARN_ENUM_CONVERSION = YES;
				CLANG_WARN_INFINITE_RECURSION = YES;
				CLANG_WARN_INT_CONVERSION = YES;
				CLANG_WARN_NON_LITERAL_NULL_CONVERSION = YES;
				CLANG_WARN_OBJC_IMPLICIT_RETAIN_SELF = YES;
				CLANG_WARN_OBJC_LITERAL_CONVERSION = YES;
				CLANG_WARN_OBJC_ROOT_CLASS = YES_ERROR;
				CLANG_WARN_QUOTED_INCLUDE_IN_FRAMEWORK_HEADER = YES;
				CLANG_WARN_RANGE_LOOP_ANALYSIS = YES;
				CLANG_WARN_STRICT_PROTOTYPES = YES;
				CLANG_WARN_SUSPICIOUS_MOVE = YES;
				CLANG_WARN_UNGUARDED_AVAILABILITY = YES_AGGRESSIVE;
				CLANG_WARN_UNREACHABLE_CODE = YES;
				CLANG_WARN__DUPLICATE_METHOD_MATCH = YES;
				COPY_PHASE_STRIP = NO;
				DEBUG_INFORMATION_FORMAT = "dwarf-with-dsym";
				ENABLE_NS_ASSERTIONS = NO;
				ENABLE_STRICT_OBJC_MSGSEND = YES;
				GCC_C_LANGUAGE_STANDARD = gnu11;
				GCC_NO_COMMON_BLOCKS = YES;
				GCC_WARN_64_TO_32_BIT_CONVERSION = YES;
				GCC_WARN_ABOUT_RETURN_TYPE = YES_ERROR;
				GCC_WARN_UNDECLARED_SELECTOR = YES;
				GCC_WARN_UNINITIALIZED_AUTOS = YES_AGGRESSIVE;
				GCC_WARN_UNUSED_FUNCTION = YES;
				GCC_WARN_UNUSED_VARIABLE = YES;
				IPHONEOS_DEPLOYMENT_TARGET = 15.0;
				MTL_ENABLE_DEBUG_INFO = NO;
				MTL_FAST_MATH = YES;
				SDKROOT = iphoneos;
				SWIFT_COMPILATION_MODE = wholemodule;
				SWIFT_OPTIMIZATION_LEVEL = "-O";
				VALIDATE_PRODUCT = YES;
			};
			name = Release;
		};
		B5207D3629F726670077201A /* Debug */ = {
			isa = XCBuildConfiguration;
			buildSettings = {
				ASSETCATALOG_COMPILER_APPICON_NAME = AppIcon;
				ASSETCATALOG_COMPILER_GLOBAL_ACCENT_COLOR_NAME = AccentColor;
				CODE_SIGN_STYLE = Automatic;
				CURRENT_PROJECT_VERSION = 1;
				DEVELOPMENT_TEAM = H8VZL7RW6Z;
				GENERATE_INFOPLIST_FILE = YES;
				INFOPLIST_FILE = DisplayFlags/Info.plist;
				INFOPLIST_KEY_UIApplicationSupportsIndirectInputEvents = YES;
				INFOPLIST_KEY_UILaunchStoryboardName = LaunchScreen;
				INFOPLIST_KEY_UIMainStoryboardFile = Main;
				INFOPLIST_KEY_UISupportedInterfaceOrientations_iPad = "UIInterfaceOrientationPortrait UIInterfaceOrientationPortraitUpsideDown UIInterfaceOrientationLandscapeLeft UIInterfaceOrientationLandscapeRight";
				INFOPLIST_KEY_UISupportedInterfaceOrientations_iPhone = "UIInterfaceOrientationPortrait UIInterfaceOrientationLandscapeLeft UIInterfaceOrientationLandscapeRight";
				LD_RUNPATH_SEARCH_PATHS = (
					"$(inherited)",
					"@executable_path/Frameworks",
				);
				MARKETING_VERSION = 1.0;
				PRODUCT_BUNDLE_IDENTIFIER = com.leonardsangoroh.DisplayFlags;
				PRODUCT_NAME = "$(TARGET_NAME)";
				SWIFT_EMIT_LOC_STRINGS = YES;
				SWIFT_VERSION = 5.0;
				TARGETED_DEVICE_FAMILY = "1,2";
			};
			name = Debug;
		};
		B5207D3729F726670077201A /* Release */ = {
			isa = XCBuildConfiguration;
			buildSettings = {
				ASSETCATALOG_COMPILER_APPICON_NAME = AppIcon;
				ASSETCATALOG_COMPILER_GLOBAL_ACCENT_COLOR_NAME = AccentColor;
				CODE_SIGN_STYLE = Automatic;
				CURRENT_PROJECT_VERSION = 1;
				DEVELOPMENT_TEAM = H8VZL7RW6Z;
				GENERATE_INFOPLIST_FILE = YES;
				INFOPLIST_FILE = DisplayFlags/Info.plist;
				INFOPLIST_KEY_UIApplicationSupportsIndirectInputEvents = YES;
				INFOPLIST_KEY_UILaunchStoryboardName = LaunchScreen;
				INFOPLIST_KEY_UIMainStoryboardFile = Main;
				INFOPLIST_KEY_UISupportedInterfaceOrientations_iPad = "UIInterfaceOrientationPortrait UIInterfaceOrientationPortraitUpsideDown UIInterfaceOrientationLandscapeLeft UIInterfaceOrientationLandscapeRight";
				INFOPLIST_KEY_UISupportedInterfaceOrientations_iPhone = "UIInterfaceOrientationPortrait UIInterfaceOrientationLandscapeLeft UIInterfaceOrientationLandscapeRight";
				LD_RUNPATH_SEARCH_PATHS = (
					"$(inherited)",
					"@executable_path/Frameworks",
				);
				MARKETING_VERSION = 1.0;
				PRODUCT_BUNDLE_IDENTIFIER = com.leonardsangoroh.DisplayFlags;
				PRODUCT_NAME = "$(TARGET_NAME)";
				SWIFT_EMIT_LOC_STRINGS = YES;
				SWIFT_VERSION = 5.0;
				TARGETED_DEVICE_FAMILY = "1,2";
			};
			name = Release;
		};
/* End XCBuildConfiguration section */

/* Begin XCConfigurationList section */
		B5207D1C29F726650077201A /* Build configuration list for PBXProject "DisplayFlags" */ = {
			isa = XCConfigurationList;
			buildConfigurations = (
				B5207D3329F726670077201A /* Debug */,
				B5207D3429F726670077201A /* Release */,
			);
			defaultConfigurationIsVisible = 0;
			defaultConfigurationName = Release;
		};
		B5207D3529F726670077201A /* Build configuration list for PBXNativeTarget "DisplayFlags" */ = {
			isa = XCConfigurationList;
			buildConfigurations = (
				B5207D3629F726670077201A /* Debug */,
				B5207D3729F726670077201A /* Release */,
			);
			defaultConfigurationIsVisible = 0;
			defaultConfigurationName = Release;
		};
/* End XCConfigurationList section */
	};
	rootObject = B5207D1929F726650077201A /* Project object */;
}
